
Microsoft Visual Studio Solution File, Format Version 12.00
# Visual Studio Version 17
VisualStudioVersion = 17.9.34728.123
MinimumVisualStudioVersion = 10.0.40219.1
Project("{FAE04EC0-301F-11D3-BF4B-00C04F79EFBC}") = "EmpF", "EmpF\EmpF.csproj", "{0C301F6B-BECC-49E2-BB43-BDD0D6B142F9}"
EndProject
Global
	GlobalSection(SolutionConfigurationPlatforms) = preSolution
		Debug|Any CPU = Debug|Any CPU
		Release|Any CPU = Release|Any CPU
	EndGlobalSection
	GlobalSection(ProjectConfigurationPlatforms) = postSolution
		{0C301F6B-BECC-49E2-BB43-BDD0D6B142F9}.Debug|Any CPU.ActiveCfg = Debug|Any CPU
		{0C301F6B-BECC-49E2-BB43-BDD0D6B142F9}.Debug|Any CPU.Build.0 = Debug|Any CPU
		{0C301F6B-BECC-49E2-BB43-BDD0D6B142F9}.Release|Any CPU.ActiveCfg = Release|Any CPU
		{0C301F6B-BECC-49E2-BB43-BDD0D6B142F9}.Release|Any CPU.Build.0 = Release|Any CPU
	EndGlobalSection
	GlobalSection(SolutionProperties) = preSolution
		HideSolutionNode = FALSE
	EndGlobalSection
	GlobalSection(ExtensibilityGlobals) = postSolution
		SolutionGuid = {5DAFA3C4-9547-49B2-83F6-21EA9443015E}
	EndGlobalSection
EndGlobal
